
Microsoft Visual Studio Solution File, Format Version 12.00
# Visual Studio 2013
VisualStudioVersion = 12.0.30723.0
MinimumVisualStudioVersion = 10.0.40219.1
Project("{2150E333-8FDC-42A3-9474-1A3956D46DE8}") = "Solution Items", "Solution Items", "{CFA4F213-AA0B-4C45-B61D-D9EFF6B9E938}"
	ProjectSection(SolutionItems) = preProject
		KnightSequences.vsmdi = KnightSequences.vsmdi
		KnightSequences1.vsmdi = KnightSequences1.vsmdi
		LocalTestRun.testrunconfig = LocalTestRun.testrunconfig
	EndProjectSection
EndProject
Project("{FAE04EC0-301F-11D3-BF4B-00C04F79EFBC}") = "KnightSequences", "KnightSequences\KnightSequences.csproj", "{209575BB-3E84-4709-A6FA-0066ABA53AAA}"
EndProject
Project("{FAE04EC0-301F-11D3-BF4B-00C04F79EFBC}") = "TestKnightSequences", "TestKnightSequences\TestKnightSequences.csproj", "{B3D77665-AF53-475D-8785-36AAAABA0EA7}"
EndProject
Global
	GlobalSection(SolutionConfigurationPlatforms) = preSolution
		Debug|Any CPU = Debug|Any CPU
		Release|Any CPU = Release|Any CPU
	EndGlobalSection
	GlobalSection(ProjectConfigurationPlatforms) = postSolution
		{209575BB-3E84-4709-A6FA-0066ABA53AAA}.Debug|Any CPU.ActiveCfg = Debug|Any CPU
		{209575BB-3E84-4709-A6FA-0066ABA53AAA}.Debug|Any CPU.Build.0 = Debug|Any CPU
		{209575BB-3E84-4709-A6FA-0066ABA53AAA}.Release|Any CPU.ActiveCfg = Release|Any CPU
		{209575BB-3E84-4709-A6FA-0066ABA53AAA}.Release|Any CPU.Build.0 = Release|Any CPU
		{B3D77665-AF53-475D-8785-36AAAABA0EA7}.Debug|Any CPU.ActiveCfg = Debug|Any CPU
		{B3D77665-AF53-475D-8785-36AAAABA0EA7}.Debug|Any CPU.Build.0 = Debug|Any CPU
		{B3D77665-AF53-475D-8785-36AAAABA0EA7}.Release|Any CPU.ActiveCfg = Release|Any CPU
		{B3D77665-AF53-475D-8785-36AAAABA0EA7}.Release|Any CPU.Build.0 = Release|Any CPU
	EndGlobalSection
	GlobalSection(SolutionProperties) = preSolution
		HideSolutionNode = FALSE
	EndGlobalSection
	GlobalSection(TestCaseManagementSettings) = postSolution
		CategoryFile = KnightSequences1.vsmdi
	EndGlobalSection
EndGlobal
